// !$*UTF8*$!
{
	archiveVersion = 1;
	classes = {
	};
	objectVersion = 46;
	objects = {

/* Begin PBXBuildFile section */
		2159D3291DDADBC70070E5A9 /* PSYCategoryTableViewController.m in Sources */ = {isa = PBXBuildFile; fileRef = 2159D3281DDADBC70070E5A9 /* PSYCategoryTableViewController.m */; };
		2159D32C1DDADBDD0070E5A9 /* PSYSortTableViewController.m in Sources */ = {isa = PBXBuildFile; fileRef = 2159D32B1DDADBDD0070E5A9 /* PSYSortTableViewController.m */; };
		21A2EAA21DD7631600DCB5BA /* main.m in Sources */ = {isa = PBXBuildFile; fileRef = 21A2EAA11DD7631600DCB5BA /* main.m */; };
		21A2EAA51DD7631600DCB5BA /* AppDelegate.m in Sources */ = {isa = PBXBuildFile; fileRef = 21A2EAA41DD7631600DCB5BA /* AppDelegate.m */; };
		21A2EAA81DD7631600DCB5BA /* ViewController.m in Sources */ = {isa = PBXBuildFile; fileRef = 21A2EAA71DD7631600DCB5BA /* ViewController.m */; };
		21A2EAAB1DD7631600DCB5BA /* Main.storyboard in Resources */ = {isa = PBXBuildFile; fileRef = 21A2EAA91DD7631600DCB5BA /* Main.storyboard */; };
		21A2EAAD1DD7631600DCB5BA /* Assets.xcassets in Resources */ = {isa = PBXBuildFile; fileRef = 21A2EAAC1DD7631600DCB5BA /* Assets.xcassets */; };
		21A2EAB01DD7631600DCB5BA /* LaunchScreen.storyboard in Resources */ = {isa = PBXBuildFile; fileRef = 21A2EAAE1DD7631600DCB5BA /* LaunchScreen.storyboard */; };
		21A2EABB1DD7631600DCB5BA /* PSYSearchControllerTests.m in Sources */ = {isa = PBXBuildFile; fileRef = 21A2EABA1DD7631600DCB5BA /* PSYSearchControllerTests.m */; };
		21A2EAC61DD7631600DCB5BA /* PSYSearchControllerUITests.m in Sources */ = {isa = PBXBuildFile; fileRef = 21A2EAC51DD7631600DCB5BA /* PSYSearchControllerUITests.m */; };
		21A2EAE91DD7675200DCB5BA /* PSYBaseTableViewController.m in Sources */ = {isa = PBXBuildFile; fileRef = 21A2EAE81DD7675200DCB5BA /* PSYBaseTableViewController.m */; };
		21A2EAEC1DD767E300DCB5BA /* PSYPlace.m in Sources */ = {isa = PBXBuildFile; fileRef = 21A2EAEB1DD767E300DCB5BA /* PSYPlace.m */; };
		21A2EAEF1DD769A900DCB5BA /* PSYSearchTableViewController.m in Sources */ = {isa = PBXBuildFile; fileRef = 21A2EAEE1DD769A900DCB5BA /* PSYSearchTableViewController.m */; };
		21A2EAF51DD76AF300DCB5BA /* PSYSearchWireframe.m in Sources */ = {isa = PBXBuildFile; fileRef = 21A2EAF41DD76AF300DCB5BA /* PSYSearchWireframe.m */; };
		21A2EAFA1DD76C3900DCB5BA /* PSYSearchPresenter.m in Sources */ = {isa = PBXBuildFile; fileRef = 21A2EAF91DD76C3900DCB5BA /* PSYSearchPresenter.m */; };
		21A2EB001DD76CE800DCB5BA /* PSYSearchInteractor.m in Sources */ = {isa = PBXBuildFile; fileRef = 21A2EAFF1DD76CE800DCB5BA /* PSYSearchInteractor.m */; };
		21A2EB031DD76D4F00DCB5BA /* PSYPlaceDataManager.m in Sources */ = {isa = PBXBuildFile; fileRef = 21A2EB021DD76D4F00DCB5BA /* PSYPlaceDataManager.m */; };
		21A2EB061DD76DCD00DCB5BA /* PSYSearchDismissalTransition.m in Sources */ = {isa = PBXBuildFile; fileRef = 21A2EB051DD76DCD00DCB5BA /* PSYSearchDismissalTransition.m */; };
		21A2EB091DD76DDF00DCB5BA /* PSYSearchPresentationTransistion.m in Sources */ = {isa = PBXBuildFile; fileRef = 21A2EB081DD76DDF00DCB5BA /* PSYSearchPresentationTransistion.m */; };
		21A2EB0C1DD770B000DCB5BA /* PSYAppDependencies.m in Sources */ = {isa = PBXBuildFile; fileRef = 21A2EB0B1DD770B000DCB5BA /* PSYAppDependencies.m */; };
		21A2EB0F1DD771A100DCB5BA /* PSYRootWireframe.m in Sources */ = {isa = PBXBuildFile; fileRef = 21A2EB0E1DD771A100DCB5BA /* PSYRootWireframe.m */; };
		21A2EB131DD7774B00DCB5BA /* PSYDataStore.m in Sources */ = {isa = PBXBuildFile; fileRef = 21A2EB121DD7774B00DCB5BA /* PSYDataStore.m */; };
		21A2EB191DD7812B00DCB5BA /* PSYCategory.m in Sources */ = {isa = PBXBuildFile; fileRef = 21A2EB181DD7812B00DCB5BA /* PSYCategory.m */; };
		21B8ADBE1DD971A300E110A9 /* PSYPlaceTableViewCell.m in Sources */ = {isa = PBXBuildFile; fileRef = 21B8ADBC1DD971A300E110A9 /* PSYPlaceTableViewCell.m */; };
		21B8ADBF1DD971A300E110A9 /* PSYPlaceTableViewCell.xib in Resources */ = {isa = PBXBuildFile; fileRef = 21B8ADBD1DD971A300E110A9 /* PSYPlaceTableViewCell.xib */; };
		BD2F8261B0C5744AE576575F /* libPods-PSYSearchController.a in Frameworks */ = {isa = PBXBuildFile; fileRef = 3708BAF716C8E6BCF8409884 /* libPods-PSYSearchController.a */; };
/* End PBXBuildFile section */

/* Begin PBXContainerItemProxy section */
		21A2EAB71DD7631600DCB5BA /* PBXContainerItemProxy */ = {
			isa = PBXContainerItemProxy;
			containerPortal = 21A2EA951DD7631600DCB5BA /* Project object */;
			proxyType = 1;
			remoteGlobalIDString = 21A2EA9C1DD7631600DCB5BA;
			remoteInfo = PSYSearchController;
		};
		21A2EAC21DD7631600DCB5BA /* PBXContainerItemProxy */ = {
			isa = PBXContainerItemProxy;
			containerPortal = 21A2EA951DD7631600DCB5BA /* Project object */;
			proxyType = 1;
			remoteGlobalIDString = 21A2EA9C1DD7631600DCB5BA;
			remoteInfo = PSYSearchController;
		};
/* End PBXContainerItemProxy section */

/* Begin PBXFileReference section */
		2159D3271DDADBC70070E5A9 /* PSYCategoryTableViewController.h */ = {isa = PBXFileReference; fileEncoding = 4; lastKnownFileType = sourcecode.c.h; path = PSYCategoryTableViewController.h; sourceTree = "<group>"; };
		2159D3281DDADBC70070E5A9 /* PSYCategoryTableViewController.m */ = {isa = PBXFileReference; fileEncoding = 4; lastKnownFileType = sourcecode.c.objc; path = PSYCategoryTableViewController.m; sourceTree = "<group>"; };
		2159D32A1DDADBDD0070E5A9 /* PSYSortTableViewController.h */ = {isa = PBXFileReference; fileEncoding = 4; lastKnownFileType = sourcecode.c.h; path = PSYSortTableViewController.h; sourceTree = "<group>"; };
		2159D32B1DDADBDD0070E5A9 /* PSYSortTableViewController.m */ = {isa = PBXFileReference; fileEncoding = 4; lastKnownFileType = sourcecode.c.objc; path = PSYSortTableViewController.m; sourceTree = "<group>"; };
		21A2EA9D1DD7631600DCB5BA /* PSYSearchController.app */ = {isa = PBXFileReference; explicitFileType = wrapper.application; includeInIndex = 0; path = PSYSearchController.app; sourceTree = BUILT_PRODUCTS_DIR; };
		21A2EAA11DD7631600DCB5BA /* main.m */ = {isa = PBXFileReference; lastKnownFileType = sourcecode.c.objc; path = main.m; sourceTree = "<group>"; };
		21A2EAA31DD7631600DCB5BA /* AppDelegate.h */ = {isa = PBXFileReference; lastKnownFileType = sourcecode.c.h; path = AppDelegate.h; sourceTree = "<group>"; };
		21A2EAA41DD7631600DCB5BA /* AppDelegate.m */ = {isa = PBXFileReference; lastKnownFileType = sourcecode.c.objc; path = AppDelegate.m; sourceTree = "<group>"; };
		21A2EAA61DD7631600DCB5BA /* ViewController.h */ = {isa = PBXFileReference; lastKnownFileType = sourcecode.c.h; path = ViewController.h; sourceTree = "<group>"; };
		21A2EAA71DD7631600DCB5BA /* ViewController.m */ = {isa = PBXFileReference; lastKnownFileType = sourcecode.c.objc; path = ViewController.m; sourceTree = "<group>"; };
		21A2EAAA1DD7631600DCB5BA /* Base */ = {isa = PBXFileReference; lastKnownFileType = file.storyboard; name = Base; path = Base.lproj/Main.storyboard; sourceTree = "<group>"; };
		21A2EAAC1DD7631600DCB5BA /* Assets.xcassets */ = {isa = PBXFileReference; lastKnownFileType = folder.assetcatalog; path = Assets.xcassets; sourceTree = "<group>"; };
		21A2EAAF1DD7631600DCB5BA /* Base */ = {isa = PBXFileReference; lastKnownFileType = file.storyboard; name = Base; path = Base.lproj/LaunchScreen.storyboard; sourceTree = "<group>"; };
		21A2EAB11DD7631600DCB5BA /* Info.plist */ = {isa = PBXFileReference; lastKnownFileType = text.plist.xml; path = Info.plist; sourceTree = "<group>"; };
		21A2EAB61DD7631600DCB5BA /* PSYSearchControllerTests.xctest */ = {isa = PBXFileReference; explicitFileType = wrapper.cfbundle; includeInIndex = 0; path = PSYSearchControllerTests.xctest; sourceTree = BUILT_PRODUCTS_DIR; };
		21A2EABA1DD7631600DCB5BA /* PSYSearchControllerTests.m */ = {isa = PBXFileReference; lastKnownFileType = sourcecode.c.objc; path = PSYSearchControllerTests.m; sourceTree = "<group>"; };
		21A2EABC1DD7631600DCB5BA /* Info.plist */ = {isa = PBXFileReference; lastKnownFileType = text.plist.xml; path = Info.plist; sourceTree = "<group>"; };
		21A2EAC11DD7631600DCB5BA /* PSYSearchControllerUITests.xctest */ = {isa = PBXFileReference; explicitFileType = wrapper.cfbundle; includeInIndex = 0; path = PSYSearchControllerUITests.xctest; sourceTree = BUILT_PRODUCTS_DIR; };
		21A2EAC51DD7631600DCB5BA /* PSYSearchControllerUITests.m */ = {isa = PBXFileReference; lastKnownFileType = sourcecode.c.objc; path = PSYSearchControllerUITests.m; sourceTree = "<group>"; };
		21A2EAC71DD7631600DCB5BA /* Info.plist */ = {isa = PBXFileReference; lastKnownFileType = text.plist.xml; path = Info.plist; sourceTree = "<group>"; };
		21A2EAE71DD7675200DCB5BA /* PSYBaseTableViewController.h */ = {isa = PBXFileReference; fileEncoding = 4; lastKnownFileType = sourcecode.c.h; path = PSYBaseTableViewController.h; sourceTree = "<group>"; };
		21A2EAE81DD7675200DCB5BA /* PSYBaseTableViewController.m */ = {isa = PBXFileReference; fileEncoding = 4; lastKnownFileType = sourcecode.c.objc; path = PSYBaseTableViewController.m; sourceTree = "<group>"; };
		21A2EAEA1DD767E300DCB5BA /* PSYPlace.h */ = {isa = PBXFileReference; fileEncoding = 4; lastKnownFileType = sourcecode.c.h; path = PSYPlace.h; sourceTree = "<group>"; };
		21A2EAEB1DD767E300DCB5BA /* PSYPlace.m */ = {isa = PBXFileReference; fileEncoding = 4; lastKnownFileType = sourcecode.c.objc; path = PSYPlace.m; sourceTree = "<group>"; };
		21A2EAED1DD769A900DCB5BA /* PSYSearchTableViewController.h */ = {isa = PBXFileReference; fileEncoding = 4; lastKnownFileType = sourcecode.c.h; path = PSYSearchTableViewController.h; sourceTree = "<group>"; };
		21A2EAEE1DD769A900DCB5BA /* PSYSearchTableViewController.m */ = {isa = PBXFileReference; fileEncoding = 4; lastKnownFileType = sourcecode.c.objc; path = PSYSearchTableViewController.m; sourceTree = "<group>"; };
		21A2EAF31DD76AF300DCB5BA /* PSYSearchWireframe.h */ = {isa = PBXFileReference; fileEncoding = 4; lastKnownFileType = sourcecode.c.h; path = PSYSearchWireframe.h; sourceTree = "<group>"; };
		21A2EAF41DD76AF300DCB5BA /* PSYSearchWireframe.m */ = {isa = PBXFileReference; fileEncoding = 4; lastKnownFileType = sourcecode.c.objc; path = PSYSearchWireframe.m; sourceTree = "<group>"; };
		21A2EAF61DD76B2400DCB5BA /* PSYSearchViewInterface.h */ = {isa = PBXFileReference; lastKnownFileType = sourcecode.c.h; path = PSYSearchViewInterface.h; sourceTree = "<group>"; };
		21A2EAF71DD76B9A00DCB5BA /* PSYSearchModuleInterface.h */ = {isa = PBXFileReference; lastKnownFileType = sourcecode.c.h; path = PSYSearchModuleInterface.h; sourceTree = "<group>"; };
		21A2EAF81DD76C3900DCB5BA /* PSYSearchPresenter.h */ = {isa = PBXFileReference; fileEncoding = 4; lastKnownFileType = sourcecode.c.h; path = PSYSearchPresenter.h; sourceTree = "<group>"; };
		21A2EAF91DD76C3900DCB5BA /* PSYSearchPresenter.m */ = {isa = PBXFileReference; fileEncoding = 4; lastKnownFileType = sourcecode.c.objc; path = PSYSearchPresenter.m; sourceTree = "<group>"; };
		21A2EAFB1DD76C7B00DCB5BA /* PSYSearchInteractorIO.h */ = {isa = PBXFileReference; fileEncoding = 4; lastKnownFileType = sourcecode.c.h; path = PSYSearchInteractorIO.h; sourceTree = "<group>"; };
		21A2EAFE1DD76CE800DCB5BA /* PSYSearchInteractor.h */ = {isa = PBXFileReference; fileEncoding = 4; lastKnownFileType = sourcecode.c.h; path = PSYSearchInteractor.h; sourceTree = "<group>"; };
		21A2EAFF1DD76CE800DCB5BA /* PSYSearchInteractor.m */ = {isa = PBXFileReference; fileEncoding = 4; lastKnownFileType = sourcecode.c.objc; path = PSYSearchInteractor.m; sourceTree = "<group>"; };
		21A2EB011DD76D4F00DCB5BA /* PSYPlaceDataManager.h */ = {isa = PBXFileReference; fileEncoding = 4; lastKnownFileType = sourcecode.c.h; path = PSYPlaceDataManager.h; sourceTree = "<group>"; };
		21A2EB021DD76D4F00DCB5BA /* PSYPlaceDataManager.m */ = {isa = PBXFileReference; fileEncoding = 4; lastKnownFileType = sourcecode.c.objc; path = PSYPlaceDataManager.m; sourceTree = "<group>"; };
		21A2EB041DD76DCD00DCB5BA /* PSYSearchDismissalTransition.h */ = {isa = PBXFileReference; fileEncoding = 4; lastKnownFileType = sourcecode.c.h; path = PSYSearchDismissalTransition.h; sourceTree = "<group>"; };
		21A2EB051DD76DCD00DCB5BA /* PSYSearchDismissalTransition.m */ = {isa = PBXFileReference; fileEncoding = 4; lastKnownFileType = sourcecode.c.objc; path = PSYSearchDismissalTransition.m; sourceTree = "<group>"; };
		21A2EB071DD76DDF00DCB5BA /* PSYSearchPresentationTransistion.h */ = {isa = PBXFileReference; fileEncoding = 4; lastKnownFileType = sourcecode.c.h; path = PSYSearchPresentationTransistion.h; sourceTree = "<group>"; };
		21A2EB081DD76DDF00DCB5BA /* PSYSearchPresentationTransistion.m */ = {isa = PBXFileReference; fileEncoding = 4; lastKnownFileType = sourcecode.c.objc; path = PSYSearchPresentationTransistion.m; sourceTree = "<group>"; };
		21A2EB0A1DD770B000DCB5BA /* PSYAppDependencies.h */ = {isa = PBXFileReference; fileEncoding = 4; lastKnownFileType = sourcecode.c.h; path = PSYAppDependencies.h; sourceTree = "<group>"; };
		21A2EB0B1DD770B000DCB5BA /* PSYAppDependencies.m */ = {isa = PBXFileReference; fileEncoding = 4; lastKnownFileType = sourcecode.c.objc; path = PSYAppDependencies.m; sourceTree = "<group>"; };
		21A2EB0D1DD771A100DCB5BA /* PSYRootWireframe.h */ = {isa = PBXFileReference; fileEncoding = 4; lastKnownFileType = sourcecode.c.h; path = PSYRootWireframe.h; sourceTree = "<group>"; };
		21A2EB0E1DD771A100DCB5BA /* PSYRootWireframe.m */ = {isa = PBXFileReference; fileEncoding = 4; lastKnownFileType = sourcecode.c.objc; path = PSYRootWireframe.m; sourceTree = "<group>"; };
		21A2EB111DD7774B00DCB5BA /* PSYDataStore.h */ = {isa = PBXFileReference; fileEncoding = 4; lastKnownFileType = sourcecode.c.h; path = PSYDataStore.h; sourceTree = "<group>"; };
		21A2EB121DD7774B00DCB5BA /* PSYDataStore.m */ = {isa = PBXFileReference; fileEncoding = 4; lastKnownFileType = sourcecode.c.objc; path = PSYDataStore.m; sourceTree = "<group>"; };
		21A2EB171DD7812B00DCB5BA /* PSYCategory.h */ = {isa = PBXFileReference; fileEncoding = 4; lastKnownFileType = sourcecode.c.h; path = PSYCategory.h; sourceTree = "<group>"; };
		21A2EB181DD7812B00DCB5BA /* PSYCategory.m */ = {isa = PBXFileReference; fileEncoding = 4; lastKnownFileType = sourcecode.c.objc; path = PSYCategory.m; sourceTree = "<group>"; };
		21B8ADBA1DD95BEE00E110A9 /* PSYSearchController-Prefix.pch */ = {isa = PBXFileReference; lastKnownFileType = sourcecode.c.h; path = "PSYSearchController-Prefix.pch"; sourceTree = "<group>"; };
		21B8ADBB1DD971A300E110A9 /* PSYPlaceTableViewCell.h */ = {isa = PBXFileReference; fileEncoding = 4; lastKnownFileType = sourcecode.c.h; path = PSYPlaceTableViewCell.h; sourceTree = "<group>"; };
		21B8ADBC1DD971A300E110A9 /* PSYPlaceTableViewCell.m */ = {isa = PBXFileReference; fileEncoding = 4; lastKnownFileType = sourcecode.c.objc; path = PSYPlaceTableViewCell.m; sourceTree = "<group>"; };
		21B8ADBD1DD971A300E110A9 /* PSYPlaceTableViewCell.xib */ = {isa = PBXFileReference; fileEncoding = 4; lastKnownFileType = file.xib; path = PSYPlaceTableViewCell.xib; sourceTree = "<group>"; };
		3708BAF716C8E6BCF8409884 /* libPods-PSYSearchController.a */ = {isa = PBXFileReference; explicitFileType = archive.ar; includeInIndex = 0; path = "libPods-PSYSearchController.a"; sourceTree = BUILT_PRODUCTS_DIR; };
		5854C5BDE7D8A0470F3394DE /* Pods-PSYSearchController.debug.xcconfig */ = {isa = PBXFileReference; includeInIndex = 1; lastKnownFileType = text.xcconfig; name = "Pods-PSYSearchController.debug.xcconfig"; path = "Pods/Target Support Files/Pods-PSYSearchController/Pods-PSYSearchController.debug.xcconfig"; sourceTree = "<group>"; };
		BA407D6C7248A4BE4F25054F /* Pods-PSYSearchController.release.xcconfig */ = {isa = PBXFileReference; includeInIndex = 1; lastKnownFileType = text.xcconfig; name = "Pods-PSYSearchController.release.xcconfig"; path = "Pods/Target Support Files/Pods-PSYSearchController/Pods-PSYSearchController.release.xcconfig"; sourceTree = "<group>"; };
/* End PBXFileReference section */

/* Begin PBXFrameworksBuildPhase section */
		21A2EA9A1DD7631600DCB5BA /* Frameworks */ = {
			isa = PBXFrameworksBuildPhase;
			buildActionMask = 2147483647;
			files = (
				BD2F8261B0C5744AE576575F /* libPods-PSYSearchController.a in Frameworks */,
			);
			runOnlyForDeploymentPostprocessing = 0;
		};
		21A2EAB31DD7631600DCB5BA /* Frameworks */ = {
			isa = PBXFrameworksBuildPhase;
			buildActionMask = 2147483647;
			files = (
			);
			runOnlyForDeploymentPostprocessing = 0;
		};
		21A2EABE1DD7631600DCB5BA /* Frameworks */ = {
			isa = PBXFrameworksBuildPhase;
			buildActionMask = 2147483647;
			files = (
			);
			runOnlyForDeploymentPostprocessing = 0;
		};
/* End PBXFrameworksBuildPhase section */

/* Begin PBXGroup section */
		2159D3111DDADBA00070E5A9 /* Category */ = {
			isa = PBXGroup;
			children = (
				2159D3121DDADBA00070E5A9 /* Application Logic */,
				2159D3161DDADBA00070E5A9 /* Module Interface */,
				2159D3171DDADBA00070E5A9 /* User Interface */,
			);
			path = Category;
			sourceTree = "<group>";
		};
		2159D3121DDADBA00070E5A9 /* Application Logic */ = {
			isa = PBXGroup;
			children = (
				2159D3131DDADBA00070E5A9 /* Interactor */,
				2159D3141DDADBA00070E5A9 /* Manager */,
				2159D3151DDADBA00070E5A9 /* Model */,
			);
			path = "Application Logic";
			sourceTree = "<group>";
		};
		2159D3131DDADBA00070E5A9 /* Interactor */ = {
			isa = PBXGroup;
			children = (
			);
			path = Interactor;
			sourceTree = "<group>";
		};
		2159D3141DDADBA00070E5A9 /* Manager */ = {
			isa = PBXGroup;
			children = (
			);
			path = Manager;
			sourceTree = "<group>";
		};
		2159D3151DDADBA00070E5A9 /* Model */ = {
			isa = PBXGroup;
			children = (
			);
			path = Model;
			sourceTree = "<group>";
		};
		2159D3161DDADBA00070E5A9 /* Module Interface */ = {
			isa = PBXGroup;
			children = (
			);
			path = "Module Interface";
			sourceTree = "<group>";
		};
		2159D3171DDADBA00070E5A9 /* User Interface */ = {
			isa = PBXGroup;
			children = (
				2159D3181DDADBA00070E5A9 /* Presenter */,
				2159D3191DDADBA00070E5A9 /* Transition */,
				2159D31A1DDADBA00070E5A9 /* View */,
				2159D31B1DDADBA00070E5A9 /* Wireframe */,
			);
			path = "User Interface";
			sourceTree = "<group>";
		};
		2159D3181DDADBA00070E5A9 /* Presenter */ = {
			isa = PBXGroup;
			children = (
			);
			path = Presenter;
			sourceTree = "<group>";
		};
		2159D3191DDADBA00070E5A9 /* Transition */ = {
			isa = PBXGroup;
			children = (
			);
			path = Transition;
			sourceTree = "<group>";
		};
		2159D31A1DDADBA00070E5A9 /* View */ = {
			isa = PBXGroup;
			children = (
				2159D3271DDADBC70070E5A9 /* PSYCategoryTableViewController.h */,
				2159D3281DDADBC70070E5A9 /* PSYCategoryTableViewController.m */,
			);
			path = View;
			sourceTree = "<group>";
		};
		2159D31B1DDADBA00070E5A9 /* Wireframe */ = {
			isa = PBXGroup;
			children = (
			);
			path = Wireframe;
			sourceTree = "<group>";
		};
		2159D31C1DDADBA00070E5A9 /* Sort */ = {
			isa = PBXGroup;
			children = (
				2159D31D1DDADBA00070E5A9 /* Application Logic */,
				2159D3211DDADBA00070E5A9 /* Module Interface */,
				2159D3221DDADBA00070E5A9 /* User Interface */,
			);
			path = Sort;
			sourceTree = "<group>";
		};
		2159D31D1DDADBA00070E5A9 /* Application Logic */ = {
			isa = PBXGroup;
			children = (
				2159D31E1DDADBA00070E5A9 /* Interactor */,
				2159D31F1DDADBA00070E5A9 /* Manager */,
				2159D3201DDADBA00070E5A9 /* Model */,
			);
			path = "Application Logic";
			sourceTree = "<group>";
		};
		2159D31E1DDADBA00070E5A9 /* Interactor */ = {
			isa = PBXGroup;
			children = (
			);
			path = Interactor;
			sourceTree = "<group>";
		};
		2159D31F1DDADBA00070E5A9 /* Manager */ = {
			isa = PBXGroup;
			children = (
			);
			path = Manager;
			sourceTree = "<group>";
		};
		2159D3201DDADBA00070E5A9 /* Model */ = {
			isa = PBXGroup;
			children = (
			);
			path = Model;
			sourceTree = "<group>";
		};
		2159D3211DDADBA00070E5A9 /* Module Interface */ = {
			isa = PBXGroup;
			children = (
			);
			path = "Module Interface";
			sourceTree = "<group>";
		};
		2159D3221DDADBA00070E5A9 /* User Interface */ = {
			isa = PBXGroup;
			children = (
				2159D3231DDADBA00070E5A9 /* Presenter */,
				2159D3241DDADBA00070E5A9 /* Transition */,
				2159D3251DDADBA00070E5A9 /* View */,
				2159D3261DDADBA00070E5A9 /* Wireframe */,
			);
			path = "User Interface";
			sourceTree = "<group>";
		};
		2159D3231DDADBA00070E5A9 /* Presenter */ = {
			isa = PBXGroup;
			children = (
			);
			path = Presenter;
			sourceTree = "<group>";
		};
		2159D3241DDADBA00070E5A9 /* Transition */ = {
			isa = PBXGroup;
			children = (
			);
			path = Transition;
			sourceTree = "<group>";
		};
		2159D3251DDADBA00070E5A9 /* View */ = {
			isa = PBXGroup;
			children = (
				2159D32A1DDADBDD0070E5A9 /* PSYSortTableViewController.h */,
				2159D32B1DDADBDD0070E5A9 /* PSYSortTableViewController.m */,
			);
			path = View;
			sourceTree = "<group>";
		};
		2159D3261DDADBA00070E5A9 /* Wireframe */ = {
			isa = PBXGroup;
			children = (
			);
			path = Wireframe;
			sourceTree = "<group>";
		};
		21A2EA941DD7631600DCB5BA = {
			isa = PBXGroup;
			children = (
				21A2EA9F1DD7631600DCB5BA /* PSYSearchController */,
				21A2EAB91DD7631600DCB5BA /* PSYSearchControllerTests */,
				21A2EAC41DD7631600DCB5BA /* PSYSearchControllerUITests */,
				21A2EA9E1DD7631600DCB5BA /* Products */,
				8DFA41720F360683A11570B7 /* Pods */,
				CD3FD31B673E928C9163823B /* Frameworks */,
			);
			sourceTree = "<group>";
		};
		21A2EA9E1DD7631600DCB5BA /* Products */ = {
			isa = PBXGroup;
			children = (
				21A2EA9D1DD7631600DCB5BA /* PSYSearchController.app */,
				21A2EAB61DD7631600DCB5BA /* PSYSearchControllerTests.xctest */,
				21A2EAC11DD7631600DCB5BA /* PSYSearchControllerUITests.xctest */,
			);
			name = Products;
			sourceTree = "<group>";
		};
		21A2EA9F1DD7631600DCB5BA /* PSYSearchController */ = {
			isa = PBXGroup;
			children = (
				21A2EAE21DD7669A00DCB5BA /* Common */,
				21A2EAD71DD7664700DCB5BA /* Modules */,
				21A2EAA31DD7631600DCB5BA /* AppDelegate.h */,
				21A2EAA41DD7631600DCB5BA /* AppDelegate.m */,
				21A2EB0A1DD770B000DCB5BA /* PSYAppDependencies.h */,
				21A2EB0B1DD770B000DCB5BA /* PSYAppDependencies.m */,
				21A2EAA61DD7631600DCB5BA /* ViewController.h */,
				21A2EAA71DD7631600DCB5BA /* ViewController.m */,
				21A2EAA91DD7631600DCB5BA /* Main.storyboard */,
				21A2EAAC1DD7631600DCB5BA /* Assets.xcassets */,
				21A2EAAE1DD7631600DCB5BA /* LaunchScreen.storyboard */,
				21A2EAB11DD7631600DCB5BA /* Info.plist */,
				21A2EAA01DD7631600DCB5BA /* Supporting Files */,
			);
			path = PSYSearchController;
			sourceTree = "<group>";
		};
		21A2EAA01DD7631600DCB5BA /* Supporting Files */ = {
			isa = PBXGroup;
			children = (
				21A2EAA11DD7631600DCB5BA /* main.m */,
				21B8ADBA1DD95BEE00E110A9 /* PSYSearchController-Prefix.pch */,
			);
			name = "Supporting Files";
			sourceTree = "<group>";
		};
		21A2EAB91DD7631600DCB5BA /* PSYSearchControllerTests */ = {
			isa = PBXGroup;
			children = (
				21A2EABA1DD7631600DCB5BA /* PSYSearchControllerTests.m */,
				21A2EABC1DD7631600DCB5BA /* Info.plist */,
			);
			path = PSYSearchControllerTests;
			sourceTree = "<group>";
		};
		21A2EAC41DD7631600DCB5BA /* PSYSearchControllerUITests */ = {
			isa = PBXGroup;
			children = (
				21A2EAC51DD7631600DCB5BA /* PSYSearchControllerUITests.m */,
				21A2EAC71DD7631600DCB5BA /* Info.plist */,
			);
			path = PSYSearchControllerUITests;
			sourceTree = "<group>";
		};
		21A2EAD71DD7664700DCB5BA /* Modules */ = {
			isa = PBXGroup;
			children = (
				2159D3111DDADBA00070E5A9 /* Category */,
				2159D31C1DDADBA00070E5A9 /* Sort */,
				21A2EAD81DD7664700DCB5BA /* Search */,
			);
			path = Modules;
			sourceTree = "<group>";
		};
		21A2EAD81DD7664700DCB5BA /* Search */ = {
			isa = PBXGroup;
			children = (
				21A2EAD91DD7664700DCB5BA /* Application Logic */,
				21A2EADC1DD7664700DCB5BA /* Module Interface */,
				21A2EADD1DD7664700DCB5BA /* User Interface */,
			);
			path = Search;
			sourceTree = "<group>";
		};
		21A2EAD91DD7664700DCB5BA /* Application Logic */ = {
			isa = PBXGroup;
			children = (
				21A2EADA1DD7664700DCB5BA /* Interactor */,
				21A2EADB1DD7664700DCB5BA /* Manager */,
			);
			path = "Application Logic";
			sourceTree = "<group>";
		};
		21A2EADA1DD7664700DCB5BA /* Interactor */ = {
			isa = PBXGroup;
			children = (
				21A2EAFB1DD76C7B00DCB5BA /* PSYSearchInteractorIO.h */,
				21A2EAFE1DD76CE800DCB5BA /* PSYSearchInteractor.h */,
				21A2EAFF1DD76CE800DCB5BA /* PSYSearchInteractor.m */,
			);
			path = Interactor;
			sourceTree = "<group>";
		};
		21A2EADB1DD7664700DCB5BA /* Manager */ = {
			isa = PBXGroup;
			children = (
				21A2EB011DD76D4F00DCB5BA /* PSYPlaceDataManager.h */,
				21A2EB021DD76D4F00DCB5BA /* PSYPlaceDataManager.m */,
			);
			path = Manager;
			sourceTree = "<group>";
		};
		21A2EADC1DD7664700DCB5BA /* Module Interface */ = {
			isa = PBXGroup;
			children = (
				21A2EAF71DD76B9A00DCB5BA /* PSYSearchModuleInterface.h */,
			);
			path = "Module Interface";
			sourceTree = "<group>";
		};
		21A2EADD1DD7664700DCB5BA /* User Interface */ = {
			isa = PBXGroup;
			children = (
				21A2EADE1DD7664700DCB5BA /* Presenter */,
				21A2EADF1DD7664700DCB5BA /* Transaction */,
				21A2EAE01DD7664700DCB5BA /* View */,
				21A2EAE11DD7664700DCB5BA /* Wireframe */,
			);
			path = "User Interface";
			sourceTree = "<group>";
		};
		21A2EADE1DD7664700DCB5BA /* Presenter */ = {
			isa = PBXGroup;
			children = (
				21A2EAF81DD76C3900DCB5BA /* PSYSearchPresenter.h */,
				21A2EAF91DD76C3900DCB5BA /* PSYSearchPresenter.m */,
			);
			path = Presenter;
			sourceTree = "<group>";
		};
		21A2EADF1DD7664700DCB5BA /* Transaction */ = {
			isa = PBXGroup;
			children = (
				21A2EB041DD76DCD00DCB5BA /* PSYSearchDismissalTransition.h */,
				21A2EB051DD76DCD00DCB5BA /* PSYSearchDismissalTransition.m */,
				21A2EB071DD76DDF00DCB5BA /* PSYSearchPresentationTransistion.h */,
				21A2EB081DD76DDF00DCB5BA /* PSYSearchPresentationTransistion.m */,
			);
			path = Transaction;
			sourceTree = "<group>";
		};
		21A2EAE01DD7664700DCB5BA /* View */ = {
			isa = PBXGroup;
			children = (
				21A2EAED1DD769A900DCB5BA /* PSYSearchTableViewController.h */,
				21A2EAEE1DD769A900DCB5BA /* PSYSearchTableViewController.m */,
				21A2EAF61DD76B2400DCB5BA /* PSYSearchViewInterface.h */,
			);
			path = View;
			sourceTree = "<group>";
		};
		21A2EAE11DD7664700DCB5BA /* Wireframe */ = {
			isa = PBXGroup;
			children = (
				21A2EAF31DD76AF300DCB5BA /* PSYSearchWireframe.h */,
				21A2EAF41DD76AF300DCB5BA /* PSYSearchWireframe.m */,
			);
			path = Wireframe;
			sourceTree = "<group>";
		};
		21A2EAE21DD7669A00DCB5BA /* Common */ = {
			isa = PBXGroup;
			children = (
				21A2EB101DD772C400DCB5BA /* Store */,
				21A2EAE31DD7669A00DCB5BA /* Constant */,
				21A2EAE41DD7669A00DCB5BA /* Extension */,
				21A2EAE51DD7669A00DCB5BA /* Model */,
				21A2EAE61DD7670200DCB5BA /* View */,
			);
			path = Common;
			sourceTree = "<group>";
		};
		21A2EAE31DD7669A00DCB5BA /* Constant */ = {
			isa = PBXGroup;
			children = (
			);
			path = Constant;
			sourceTree = "<group>";
		};
		21A2EAE41DD7669A00DCB5BA /* Extension */ = {
			isa = PBXGroup;
			children = (
			);
			path = Extension;
			sourceTree = "<group>";
		};
		21A2EAE51DD7669A00DCB5BA /* Model */ = {
			isa = PBXGroup;
			children = (
				21A2EAEA1DD767E300DCB5BA /* PSYPlace.h */,
				21A2EAEB1DD767E300DCB5BA /* PSYPlace.m */,
				21A2EB171DD7812B00DCB5BA /* PSYCategory.h */,
				21A2EB181DD7812B00DCB5BA /* PSYCategory.m */,
			);
			path = Model;
			sourceTree = "<group>";
		};
		21A2EAE61DD7670200DCB5BA /* View */ = {
			isa = PBXGroup;
			children = (
				21A2EAE71DD7675200DCB5BA /* PSYBaseTableViewController.h */,
				21A2EAE81DD7675200DCB5BA /* PSYBaseTableViewController.m */,
				21A2EB0D1DD771A100DCB5BA /* PSYRootWireframe.h */,
				21A2EB0E1DD771A100DCB5BA /* PSYRootWireframe.m */,
				21B8ADBB1DD971A300E110A9 /* PSYPlaceTableViewCell.h */,
				21B8ADBC1DD971A300E110A9 /* PSYPlaceTableViewCell.m */,
				21B8ADBD1DD971A300E110A9 /* PSYPlaceTableViewCell.xib */,
			);
			path = View;
			sourceTree = "<group>";
		};
		21A2EB101DD772C400DCB5BA /* Store */ = {
			isa = PBXGroup;
			children = (
				21A2EB111DD7774B00DCB5BA /* PSYDataStore.h */,
				21A2EB121DD7774B00DCB5BA /* PSYDataStore.m */,
			);
			path = Store;
			sourceTree = "<group>";
		};
		8DFA41720F360683A11570B7 /* Pods */ = {
			isa = PBXGroup;
			children = (
				5854C5BDE7D8A0470F3394DE /* Pods-PSYSearchController.debug.xcconfig */,
				BA407D6C7248A4BE4F25054F /* Pods-PSYSearchController.release.xcconfig */,
			);
			name = Pods;
			sourceTree = "<group>";
		};
		CD3FD31B673E928C9163823B /* Frameworks */ = {
			isa = PBXGroup;
			children = (
				3708BAF716C8E6BCF8409884 /* libPods-PSYSearchController.a */,
			);
			name = Frameworks;
			sourceTree = "<group>";
		};
/* End PBXGroup section */

/* Begin PBXNativeTarget section */
		21A2EA9C1DD7631600DCB5BA /* PSYSearchController */ = {
			isa = PBXNativeTarget;
			buildConfigurationList = 21A2EACA1DD7631600DCB5BA /* Build configuration list for PBXNativeTarget "PSYSearchController" */;
			buildPhases = (
				20E3CBD995C803FA861B44F5 /* [CP] Check Pods Manifest.lock */,
				21A2EA991DD7631600DCB5BA /* Sources */,
				21A2EA9A1DD7631600DCB5BA /* Frameworks */,
				21A2EA9B1DD7631600DCB5BA /* Resources */,
				A6E050B30A1C1392BD726AC9 /* [CP] Embed Pods Frameworks */,
				A062A7C77AE11185FBE43E63 /* [CP] Copy Pods Resources */,
			);
			buildRules = (
			);
			dependencies = (
			);
			name = PSYSearchController;
			productName = PSYSearchController;
			productReference = 21A2EA9D1DD7631600DCB5BA /* PSYSearchController.app */;
			productType = "com.apple.product-type.application";
		};
		21A2EAB51DD7631600DCB5BA /* PSYSearchControllerTests */ = {
			isa = PBXNativeTarget;
			buildConfigurationList = 21A2EACD1DD7631600DCB5BA /* Build configuration list for PBXNativeTarget "PSYSearchControllerTests" */;
			buildPhases = (
				21A2EAB21DD7631600DCB5BA /* Sources */,
				21A2EAB31DD7631600DCB5BA /* Frameworks */,
				21A2EAB41DD7631600DCB5BA /* Resources */,
			);
			buildRules = (
			);
			dependencies = (
				21A2EAB81DD7631600DCB5BA /* PBXTargetDependency */,
			);
			name = PSYSearchControllerTests;
			productName = PSYSearchControllerTests;
			productReference = 21A2EAB61DD7631600DCB5BA /* PSYSearchControllerTests.xctest */;
			productType = "com.apple.product-type.bundle.unit-test";
		};
		21A2EAC01DD7631600DCB5BA /* PSYSearchControllerUITests */ = {
			isa = PBXNativeTarget;
			buildConfigurationList = 21A2EAD01DD7631600DCB5BA /* Build configuration list for PBXNativeTarget "PSYSearchControllerUITests" */;
			buildPhases = (
				21A2EABD1DD7631600DCB5BA /* Sources */,
				21A2EABE1DD7631600DCB5BA /* Frameworks */,
				21A2EABF1DD7631600DCB5BA /* Resources */,
			);
			buildRules = (
			);
			dependencies = (
				21A2EAC31DD7631600DCB5BA /* PBXTargetDependency */,
			);
			name = PSYSearchControllerUITests;
			productName = PSYSearchControllerUITests;
			productReference = 21A2EAC11DD7631600DCB5BA /* PSYSearchControllerUITests.xctest */;
			productType = "com.apple.product-type.bundle.ui-testing";
		};
/* End PBXNativeTarget section */

/* Begin PBXProject section */
		21A2EA951DD7631600DCB5BA /* Project object */ = {
			isa = PBXProject;
			attributes = {
				LastUpgradeCheck = 0800;
				ORGANIZATIONNAME = "Shiuh Yaw Phang";
				TargetAttributes = {
					21A2EA9C1DD7631600DCB5BA = {
						CreatedOnToolsVersion = 8.0;
						ProvisioningStyle = Automatic;
					};
					21A2EAB51DD7631600DCB5BA = {
						CreatedOnToolsVersion = 8.0;
						ProvisioningStyle = Automatic;
						TestTargetID = 21A2EA9C1DD7631600DCB5BA;
					};
					21A2EAC01DD7631600DCB5BA = {
						CreatedOnToolsVersion = 8.0;
						ProvisioningStyle = Automatic;
						TestTargetID = 21A2EA9C1DD7631600DCB5BA;
					};
				};
			};
			buildConfigurationList = 21A2EA981DD7631600DCB5BA /* Build configuration list for PBXProject "PSYSearchController" */;
			compatibilityVersion = "Xcode 3.2";
			developmentRegion = English;
			hasScannedForEncodings = 0;
			knownRegions = (
				en,
				Base,
			);
			mainGroup = 21A2EA941DD7631600DCB5BA;
			productRefGroup = 21A2EA9E1DD7631600DCB5BA /* Products */;
			projectDirPath = "";
			projectRoot = "";
			targets = (
				21A2EA9C1DD7631600DCB5BA /* PSYSearchController */,
				21A2EAB51DD7631600DCB5BA /* PSYSearchControllerTests */,
				21A2EAC01DD7631600DCB5BA /* PSYSearchControllerUITests */,
			);
		};
/* End PBXProject section */

/* Begin PBXResourcesBuildPhase section */
		21A2EA9B1DD7631600DCB5BA /* Resources */ = {
			isa = PBXResourcesBuildPhase;
			buildActionMask = 2147483647;
			files = (
				21A2EAB01DD7631600DCB5BA /* LaunchScreen.storyboard in Resources */,
				21A2EAAD1DD7631600DCB5BA /* Assets.xcassets in Resources */,
				21B8ADBF1DD971A300E110A9 /* PSYPlaceTableViewCell.xib in Resources */,
				21A2EAAB1DD7631600DCB5BA /* Main.storyboard in Resources */,
			);
			runOnlyForDeploymentPostprocessing = 0;
		};
		21A2EAB41DD7631600DCB5BA /* Resources */ = {
			isa = PBXResourcesBuildPhase;
			buildActionMask = 2147483647;
			files = (
			);
			runOnlyForDeploymentPostprocessing = 0;
		};
		21A2EABF1DD7631600DCB5BA /* Resources */ = {
			isa = PBXResourcesBuildPhase;
			buildActionMask = 2147483647;
			files = (
			);
			runOnlyForDeploymentPostprocessing = 0;
		};
/* End PBXResourcesBuildPhase section */

/* Begin PBXShellScriptBuildPhase section */
		20E3CBD995C803FA861B44F5 /* [CP] Check Pods Manifest.lock */ = {
			isa = PBXShellScriptBuildPhase;
			buildActionMask = 2147483647;
			files = (
			);
			inputPaths = (
			);
			name = "[CP] Check Pods Manifest.lock";
			outputPaths = (
			);
			runOnlyForDeploymentPostprocessing = 0;
			shellPath = /bin/sh;
			shellScript = "diff \"${PODS_ROOT}/../Podfile.lock\" \"${PODS_ROOT}/Manifest.lock\" > /dev/null\nif [[ $? != 0 ]] ; then\n    cat << EOM\nerror: The sandbox is not in sync with the Podfile.lock. Run 'pod install' or update your CocoaPods installation.\nEOM\n    exit 1\nfi\n";
			showEnvVarsInLog = 0;
		};
		A062A7C77AE11185FBE43E63 /* [CP] Copy Pods Resources */ = {
			isa = PBXShellScriptBuildPhase;
			buildActionMask = 2147483647;
			files = (
			);
			inputPaths = (
			);
			name = "[CP] Copy Pods Resources";
			outputPaths = (
			);
			runOnlyForDeploymentPostprocessing = 0;
			shellPath = /bin/sh;
			shellScript = "\"${SRCROOT}/Pods/Target Support Files/Pods-PSYSearchController/Pods-PSYSearchController-resources.sh\"\n";
			showEnvVarsInLog = 0;
		};
		A6E050B30A1C1392BD726AC9 /* [CP] Embed Pods Frameworks */ = {
			isa = PBXShellScriptBuildPhase;
			buildActionMask = 2147483647;
			files = (
			);
			inputPaths = (
			);
			name = "[CP] Embed Pods Frameworks";
			outputPaths = (
			);
			runOnlyForDeploymentPostprocessing = 0;
			shellPath = /bin/sh;
			shellScript = "\"${SRCROOT}/Pods/Target Support Files/Pods-PSYSearchController/Pods-PSYSearchController-frameworks.sh\"\n";
			showEnvVarsInLog = 0;
		};
/* End PBXShellScriptBuildPhase section */

/* Begin PBXSourcesBuildPhase section */
		21A2EA991DD7631600DCB5BA /* Sources */ = {
			isa = PBXSourcesBuildPhase;
			buildActionMask = 2147483647;
			files = (
				21A2EB191DD7812B00DCB5BA /* PSYCategory.m in Sources */,
				21A2EB091DD76DDF00DCB5BA /* PSYSearchPresentationTransistion.m in Sources */,
				21A2EAEF1DD769A900DCB5BA /* PSYSearchTableViewController.m in Sources */,
				21A2EAA81DD7631600DCB5BA /* ViewController.m in Sources */,
				21A2EB061DD76DCD00DCB5BA /* PSYSearchDismissalTransition.m in Sources */,
				21A2EAF51DD76AF300DCB5BA /* PSYSearchWireframe.m in Sources */,
				21A2EAFA1DD76C3900DCB5BA /* PSYSearchPresenter.m in Sources */,
				21A2EB0C1DD770B000DCB5BA /* PSYAppDependencies.m in Sources */,
				2159D3291DDADBC70070E5A9 /* PSYCategoryTableViewController.m in Sources */,
				21A2EAE91DD7675200DCB5BA /* PSYBaseTableViewController.m in Sources */,
				21A2EAA51DD7631600DCB5BA /* AppDelegate.m in Sources */,
				21B8ADBE1DD971A300E110A9 /* PSYPlaceTableViewCell.m in Sources */,
				21A2EAA21DD7631600DCB5BA /* main.m in Sources */,
				21A2EB031DD76D4F00DCB5BA /* PSYPlaceDataManager.m in Sources */,
				2159D32C1DDADBDD0070E5A9 /* PSYSortTableViewController.m in Sources */,
				21A2EB131DD7774B00DCB5BA /* PSYDataStore.m in Sources */,
				21A2EB0F1DD771A100DCB5BA /* PSYRootWireframe.m in Sources */,
				21A2EAEC1DD767E300DCB5BA /* PSYPlace.m in Sources */,
				21A2EB001DD76CE800DCB5BA /* PSYSearchInteractor.m in Sources */,
			);
			runOnlyForDeploymentPostprocessing = 0;
		};
		21A2EAB21DD7631600DCB5BA /* Sources */ = {
			isa = PBXSourcesBuildPhase;
			buildActionMask = 2147483647;
			files = (
				21A2EABB1DD7631600DCB5BA /* PSYSearchControllerTests.m in Sources */,
			);
			runOnlyForDeploymentPostprocessing = 0;
		};
		21A2EABD1DD7631600DCB5BA /* Sources */ = {
			isa = PBXSourcesBuildPhase;
			buildActionMask = 2147483647;
			files = (
				21A2EAC61DD7631600DCB5BA /* PSYSearchControllerUITests.m in Sources */,
			);
			runOnlyForDeploymentPostprocessing = 0;
		};
/* End PBXSourcesBuildPhase section */

/* Begin PBXTargetDependency section */
		21A2EAB81DD7631600DCB5BA /* PBXTargetDependency */ = {
			isa = PBXTargetDependency;
			target = 21A2EA9C1DD7631600DCB5BA /* PSYSearchController */;
			targetProxy = 21A2EAB71DD7631600DCB5BA /* PBXContainerItemProxy */;
		};
		21A2EAC31DD7631600DCB5BA /* PBXTargetDependency */ = {
			isa = PBXTargetDependency;
			target = 21A2EA9C1DD7631600DCB5BA /* PSYSearchController */;
			targetProxy = 21A2EAC21DD7631600DCB5BA /* PBXContainerItemProxy */;
		};
/* End PBXTargetDependency section */

/* Begin PBXVariantGroup section */
		21A2EAA91DD7631600DCB5BA /* Main.storyboard */ = {
			isa = PBXVariantGroup;
			children = (
				21A2EAAA1DD7631600DCB5BA /* Base */,
			);
			name = Main.storyboard;
			sourceTree = "<group>";
		};
		21A2EAAE1DD7631600DCB5BA /* LaunchScreen.storyboard */ = {
			isa = PBXVariantGroup;
			children = (
				21A2EAAF1DD7631600DCB5BA /* Base */,
			);
			name = LaunchScreen.storyboard;
			sourceTree = "<group>";
		};
/* End PBXVariantGroup section */

/* Begin XCBuildConfiguration section */
		21A2EAC81DD7631600DCB5BA /* Debug */ = {
			isa = XCBuildConfiguration;
			buildSettings = {
				ALWAYS_SEARCH_USER_PATHS = NO;
				CLANG_ANALYZER_NONNULL = YES;
				CLANG_CXX_LANGUAGE_STANDARD = "gnu++0x";
				CLANG_CXX_LIBRARY = "libc++";
				CLANG_ENABLE_MODULES = YES;
				CLANG_ENABLE_OBJC_ARC = YES;
				CLANG_WARN_BOOL_CONVERSION = YES;
				CLANG_WARN_CONSTANT_CONVERSION = YES;
				CLANG_WARN_DIRECT_OBJC_ISA_USAGE = YES_ERROR;
				CLANG_WARN_DOCUMENTATION_COMMENTS = YES;
				CLANG_WARN_EMPTY_BODY = YES;
				CLANG_WARN_ENUM_CONVERSION = YES;
				CLANG_WARN_INFINITE_RECURSION = YES;
				CLANG_WARN_INT_CONVERSION = YES;
				CLANG_WARN_OBJC_ROOT_CLASS = YES_ERROR;
				CLANG_WARN_SUSPICIOUS_MOVES = YES;
				CLANG_WARN_UNREACHABLE_CODE = YES;
				CLANG_WARN__DUPLICATE_METHOD_MATCH = YES;
				"CODE_SIGN_IDENTITY[sdk=iphoneos*]" = "iPhone Developer";
				COPY_PHASE_STRIP = NO;
				DEBUG_INFORMATION_FORMAT = dwarf;
				ENABLE_STRICT_OBJC_MSGSEND = YES;
				ENABLE_TESTABILITY = YES;
				GCC_C_LANGUAGE_STANDARD = gnu99;
				GCC_DYNAMIC_NO_PIC = NO;
				GCC_NO_COMMON_BLOCKS = YES;
				GCC_OPTIMIZATION_LEVEL = 0;
				GCC_PREPROCESSOR_DEFINITIONS = (
					"DEBUG=1",
					"$(inherited)",
				);
				GCC_WARN_64_TO_32_BIT_CONVERSION = YES;
				GCC_WARN_ABOUT_RETURN_TYPE = YES_ERROR;
				GCC_WARN_UNDECLARED_SELECTOR = YES;
				GCC_WARN_UNINITIALIZED_AUTOS = YES_AGGRESSIVE;
				GCC_WARN_UNUSED_FUNCTION = YES;
				GCC_WARN_UNUSED_VARIABLE = YES;
				IPHONEOS_DEPLOYMENT_TARGET = 10.0;
				MTL_ENABLE_DEBUG_INFO = YES;
				ONLY_ACTIVE_ARCH = YES;
				SDKROOT = iphoneos;
				TARGETED_DEVICE_FAMILY = "1,2";
			};
			name = Debug;
		};
		21A2EAC91DD7631600DCB5BA /* Release */ = {
			isa = XCBuildConfiguration;
			buildSettings = {
				ALWAYS_SEARCH_USER_PATHS = NO;
				CLANG_ANALYZER_NONNULL = YES;
				CLANG_CXX_LANGUAGE_STANDARD = "gnu++0x";
				CLANG_CXX_LIBRARY = "libc++";
				CLANG_ENABLE_MODULES = YES;
				CLANG_ENABLE_OBJC_ARC = YES;
				CLANG_WARN_BOOL_CONVERSION = YES;
				CLANG_WARN_CONSTANT_CONVERSION = YES;
				CLANG_WARN_DIRECT_OBJC_ISA_USAGE = YES_ERROR;
				CLANG_WARN_DOCUMENTATION_COMMENTS = YES;
				CLANG_WARN_EMPTY_BODY = YES;
				CLANG_WARN_ENUM_CONVERSION = YES;
				CLANG_WARN_INFINITE_RECURSION = YES;
				CLANG_WARN_INT_CONVERSION = YES;
				CLANG_WARN_OBJC_ROOT_CLASS = YES_ERROR;
				CLANG_WARN_SUSPICIOUS_MOVES = YES;
				CLANG_WARN_UNREACHABLE_CODE = YES;
				CLANG_WARN__DUPLICATE_METHOD_MATCH = YES;
				"CODE_SIGN_IDENTITY[sdk=iphoneos*]" = "iPhone Developer";
				COPY_PHASE_STRIP = NO;
				DEBUG_INFORMATION_FORMAT = "dwarf-with-dsym";
				ENABLE_NS_ASSERTIONS = NO;
				ENABLE_STRICT_OBJC_MSGSEND = YES;
				GCC_C_LANGUAGE_STANDARD = gnu99;
				GCC_NO_COMMON_BLOCKS = YES;
				GCC_WARN_64_TO_32_BIT_CONVERSION = YES;
				GCC_WARN_ABOUT_RETURN_TYPE = YES_ERROR;
				GCC_WARN_UNDECLARED_SELECTOR = YES;
				GCC_WARN_UNINITIALIZED_AUTOS = YES_AGGRESSIVE;
				GCC_WARN_UNUSED_FUNCTION = YES;
				GCC_WARN_UNUSED_VARIABLE = YES;
				IPHONEOS_DEPLOYMENT_TARGET = 10.0;
				MTL_ENABLE_DEBUG_INFO = NO;
				SDKROOT = iphoneos;
				TARGETED_DEVICE_FAMILY = "1,2";
				VALIDATE_PRODUCT = YES;
			};
			name = Release;
		};
		21A2EACB1DD7631600DCB5BA /* Debug */ = {
			isa = XCBuildConfiguration;
			baseConfigurationReference = 5854C5BDE7D8A0470F3394DE /* Pods-PSYSearchController.debug.xcconfig */;
			buildSettings = {
				ASSETCATALOG_COMPILER_APPICON_NAME = AppIcon;
				GCC_PREFIX_HEADER = "PSYSearchController/PSYSearchController-Prefix.pch";
				INFOPLIST_FILE = PSYSearchController/Info.plist;
				LD_RUNPATH_SEARCH_PATHS = "$(inherited) @executable_path/Frameworks";
				PRODUCT_BUNDLE_IDENTIFIER = com.yaw.PSYSearchController;
				PRODUCT_NAME = "$(TARGET_NAME)";
			};
			name = Debug;
		};
		21A2EACC1DD7631600DCB5BA /* Release */ = {
			isa = XCBuildConfiguration;
			baseConfigurationReference = BA407D6C7248A4BE4F25054F /* Pods-PSYSearchController.release.xcconfig */;
			buildSettings = {
				ASSETCATALOG_COMPILER_APPICON_NAME = AppIcon;
				GCC_PREFIX_HEADER = "PSYSearchController/PSYSearchController-Prefix.pch";
				INFOPLIST_FILE = PSYSearchController/Info.plist;
				LD_RUNPATH_SEARCH_PATHS = "$(inherited) @executable_path/Frameworks";
				PRODUCT_BUNDLE_IDENTIFIER = com.yaw.PSYSearchController;
				PRODUCT_NAME = "$(TARGET_NAME)";
			};
			name = Release;
		};
		21A2EACE1DD7631600DCB5BA /* Debug */ = {
			isa = XCBuildConfiguration;
			buildSettings = {
				BUNDLE_LOADER = "$(TEST_HOST)";
				INFOPLIST_FILE = PSYSearchControllerTests/Info.plist;
				LD_RUNPATH_SEARCH_PATHS = "$(inherited) @executable_path/Frameworks @loader_path/Frameworks";
				PRODUCT_BUNDLE_IDENTIFIER = com.yaw.PSYSearchControllerTests;
				PRODUCT_NAME = "$(TARGET_NAME)";
				TEST_HOST = "$(BUILT_PRODUCTS_DIR)/PSYSearchController.app/PSYSearchController";
			};
			name = Debug;
		};
		21A2EACF1DD7631600DCB5BA /* Release */ = {
			isa = XCBuildConfiguration;
			buildSettings = {
				BUNDLE_LOADER = "$(TEST_HOST)";
				INFOPLIST_FILE = PSYSearchControllerTests/Info.plist;
				LD_RUNPATH_SEARCH_PATHS = "$(inherited) @executable_path/Frameworks @loader_path/Frameworks";
				PRODUCT_BUNDLE_IDENTIFIER = com.yaw.PSYSearchControllerTests;
				PRODUCT_NAME = "$(TARGET_NAME)";
				TEST_HOST = "$(BUILT_PRODUCTS_DIR)/PSYSearchController.app/PSYSearchController";
			};
			name = Release;
		};
		21A2EAD11DD7631600DCB5BA /* Debug */ = {
			isa = XCBuildConfiguration;
			buildSettings = {
				INFOPLIST_FILE = PSYSearchControllerUITests/Info.plist;
				LD_RUNPATH_SEARCH_PATHS = "$(inherited) @executable_path/Frameworks @loader_path/Frameworks";
				PRODUCT_BUNDLE_IDENTIFIER = com.yaw.PSYSearchControllerUITests;
				PRODUCT_NAME = "$(TARGET_NAME)";
				TEST_TARGET_NAME = PSYSearchController;
			};
			name = Debug;
		};
		21A2EAD21DD7631600DCB5BA /* Release */ = {
			isa = XCBuildConfiguration;
			buildSettings = {
				INFOPLIST_FILE = PSYSearchControllerUITests/Info.plist;
				LD_RUNPATH_SEARCH_PATHS = "$(inherited) @executable_path/Frameworks @loader_path/Frameworks";
				PRODUCT_BUNDLE_IDENTIFIER = com.yaw.PSYSearchControllerUITests;
				PRODUCT_NAME = "$(TARGET_NAME)";
				TEST_TARGET_NAME = PSYSearchController;
			};
			name = Release;
		};
/* End XCBuildConfiguration section */

/* Begin XCConfigurationList section */
		21A2EA981DD7631600DCB5BA /* Build configuration list for PBXProject "PSYSearchController" */ = {
			isa = XCConfigurationList;
			buildConfigurations = (
				21A2EAC81DD7631600DCB5BA /* Debug */,
				21A2EAC91DD7631600DCB5BA /* Release */,
			);
			defaultConfigurationIsVisible = 0;
			defaultConfigurationName = Release;
		};
		21A2EACA1DD7631600DCB5BA /* Build configuration list for PBXNativeTarget "PSYSearchController" */ = {
			isa = XCConfigurationList;
			buildConfigurations = (
				21A2EACB1DD7631600DCB5BA /* Debug */,
				21A2EACC1DD7631600DCB5BA /* Release */,
			);
			defaultConfigurationIsVisible = 0;
			defaultConfigurationName = Release;
		};
		21A2EACD1DD7631600DCB5BA /* Build configuration list for PBXNativeTarget "PSYSearchControllerTests" */ = {
			isa = XCConfigurationList;
			buildConfigurations = (
				21A2EACE1DD7631600DCB5BA /* Debug */,
				21A2EACF1DD7631600DCB5BA /* Release */,
			);
			defaultConfigurationIsVisible = 0;
			defaultConfigurationName = Release;
		};
		21A2EAD01DD7631600DCB5BA /* Build configuration list for PBXNativeTarget "PSYSearchControllerUITests" */ = {
			isa = XCConfigurationList;
			buildConfigurations = (
				21A2EAD11DD7631600DCB5BA /* Debug */,
				21A2EAD21DD7631600DCB5BA /* Release */,
			);
			defaultConfigurationIsVisible = 0;
			defaultConfigurationName = Release;
		};
/* End XCConfigurationList section */
	};
	rootObject = 21A2EA951DD7631600DCB5BA /* Project object */;
}
